
Microsoft Visual Studio Solution File, Format Version 12.00
# Visual Studio 15
VisualStudioVersion = 15.0.28307.902
MinimumVisualStudioVersion = 10.0.40219.1
Project("{FAE04EC0-301F-11D3-BF4B-00C04F79EFBC}") = "VigenereCipher", "VigenereCipher\VigenereCipher.csproj", "{188819D1-60AE-4823-8F50-95B5F726A354}"
EndProject
Global
	GlobalSection(SolutionConfigurationPlatforms) = preSolution
		Debug|Any CPU = Debug|Any CPU
		Release|Any CPU = Release|Any CPU
	EndGlobalSection
	GlobalSection(ProjectConfigurationPlatforms) = postSolution
		{188819D1-60AE-4823-8F50-95B5F726A354}.Debug|Any CPU.ActiveCfg = Debug|Any CPU
		{188819D1-60AE-4823-8F50-95B5F726A354}.Debug|Any CPU.Build.0 = Debug|Any CPU
		{188819D1-60AE-4823-8F50-95B5F726A354}.Release|Any CPU.ActiveCfg = Release|Any CPU
		{188819D1-60AE-4823-8F50-95B5F726A354}.Release|Any CPU.Build.0 = Release|Any CPU
	EndGlobalSection
	GlobalSection(SolutionProperties) = preSolution
		HideSolutionNode = FALSE
	EndGlobalSection
	GlobalSection(ExtensibilityGlobals) = postSolution
		SolutionGuid = {5626385A-8978-4FF2-A5AC-4D9A24F3C30F}
	EndGlobalSection
EndGlobal
